Search by block
Query format requires full block address range or include the signifier 'block'.
* [1200-1299 market st](http://api.phila.gov/ais/v1/block/1200-1299%20market%20st)
* [1200 block of market st](http://api.phila.gov/ais/v1/block/1200%20block%20of%20market%20st)
---
tags:
  - block
parameters:
  - name: query
    in: path
    description: The querystring
    type: string
    default: '1200 block of market st'
    required: true
responses:
  200:
    description: A list of addresses on block
    schema:
      id: response
      properties:
        result:
          type: string
          description: The response
          default: 'test'